{
    "_readme": [
        "This file locks the dependencies of your project to a known state",
        "Read more about it at https://getcomposer.org/doc/01-basic-usage.md#installing-dependencies",
        "This file is @generated automatically"
    ],
    "content-hash": "f36273b9b643cae00d9f4e96de0c1ba9",
    "packages": [
        {
            "name": "adhocore/jwt",
            "version": "1.0.1",
            "source": {
                "type": "git",
                "url": "https://github.com/adhocore/php-jwt.git",
                "reference": "a38fa26f83c6b5d8db3c2bae39838b890e325655"
            },
            "dist": {
                "type": "zip",
                "url": "https://api.github.com/repos/adhocore/php-jwt/zipball/a38fa26f83c6b5d8db3c2bae39838b890e325655",
                "reference": "a38fa26f83c6b5d8db3c2bae39838b890e325655",
                "shasum": ""
            },
            "require": {
                "php": ">=7.0"
            },
            "require-dev": {
                "phpunit/phpunit": "^6.5 || ^7.5"
            },
            "type": "library",
            "autoload": {
                "psr-4": {
                    "Ahc\\Jwt\\": "src/"
                }
            },
            "notification-url": "https://packagist.org/downloads/",
            "license": [
                "MIT"
            ],
            "authors": [
                {
                    "name": "Jitendra Adhikari",
                    "email": "jiten.adhikary@gmail.com"
                }
            ],
            "description": "Ultra lightweight JSON web token (JWT) library for PHP5.5+.",
            "keywords": [
                "auth",
                "json-web-token",
                "jwt",
                "jwt-auth",
                "jwt-php",
                "token"
            ],
            "time": "2020-02-01T10:42:06+00:00"
        },
        {
            "name": "chillerlan/php-qrcode",
            "version": "4.1.0",
            "source": {
                "type": "git",
                "url": "https://github.com/chillerlan/php-qrcode.git",
                "reference": "2cecb32cf618319dd01d9bc1fa64dc6bb683df85"
            },
            "dist": {
                "type": "zip",
                "url": "https://api.github.com/repos/chillerlan/php-qrcode/zipball/2cecb32cf618319dd01d9bc1fa64dc6bb683df85",
                "reference": "2cecb32cf618319dd01d9bc1fa64dc6bb683df85",
                "shasum": ""
            },
            "require": {
                "chillerlan/php-settings-container": "^2.0",
                "ext-mbstring": "*",
                "php": "^7.4"
            },
            "require-dev": {
                "phan/phan": "^2.7",
                "phpunit/phpunit": "^9.1",
                "setasign/fpdf": "^1.8.2"
            },
            "suggest": {
                "chillerlan/php-authenticator": "Yet another Google authenticator! Also creates URIs for mobile apps.",
                "setasign/fpdf": "Required to use the QR FPDF output."
            },
            "type": "library",
            "autoload": {
                "psr-4": {
                    "chillerlan\\QRCode\\": "src/"
                }
            },
            "notification-url": "https://packagist.org/downloads/",
            "license": [
                "MIT"
            ],
            "authors": [
                {
                    "name": "Kazuhiko Arase",
                    "homepage": "https://github.com/kazuhikoarase"
                },
                {
                    "name": "Smiley",
                    "email": "smiley@chillerlan.net",
                    "homepage": "https://github.com/codemasher"
                },
                {
                    "name": "Contributors",
                    "homepage": "https://github.com/chillerlan/php-qrcode/graphs/contributors"
                }
            ],
            "description": "A QR code generator. PHP 7.4+",
            "homepage": "https://github.com/chillerlan/php-qrcode",
            "keywords": [
                "phpqrcode",
                "qr",
                "qr code",
                "qrcode",
                "qrcode-generator"
            ],
            "time": "2020-06-04T17:07:12+00:00"
        },
        {
            "name": "chillerlan/php-settings-container",
            "version": "2.0.0",
            "source": {
                "type": "git",
                "url": "https://github.com/chillerlan/php-settings-container.git",
                "reference": "75888345532373074fba482a6642c0f8cda996f0"
            },
            "dist": {
                "type": "zip",
                "url": "https://api.github.com/repos/chillerlan/php-settings-container/zipball/75888345532373074fba482a6642c0f8cda996f0",
                "reference": "75888345532373074fba482a6642c0f8cda996f0",
                "shasum": ""
            },
            "require": {
                "ext-json": "*",
                "php": "^7.4"
            },
            "require-dev": {
                "phan/phan": "^2.6",
                "phpunit/phpunit": "^9.1"
            },
            "type": "library",
            "autoload": {
                "psr-4": {
                    "chillerlan\\Settings\\": "src/"
                }
            },
            "notification-url": "https://packagist.org/downloads/",
            "license": [
                "MIT"
            ],
            "authors": [
                {
                    "name": "Smiley",
                    "email": "smiley@chillerlan.net",
                    "homepage": "https://github.com/codemasher"
                }
            ],
            "description": "A container class for immutable settings objects. Not a DI container. PHP 7.4+",
            "homepage": "https://github.com/chillerlan/php-settings-container",
            "keywords": [
                "PHP7",
                "Settings",
                "container",
                "helper"
            ],
            "time": "2020-04-16T16:56:44+00:00"
        },
        {
            "name": "sendgrid/php-http-client",
            "version": "3.11.1",
            "source": {
                "type": "git",
                "url": "https://github.com/sendgrid/php-http-client.git",
                "reference": "b7e45dc6734357253217d63bf0d661fe18013e48"
            },
            "dist": {
                "type": "zip",
                "url": "https://api.github.com/repos/sendgrid/php-http-client/zipball/b7e45dc6734357253217d63bf0d661fe18013e48",
                "reference": "b7e45dc6734357253217d63bf0d661fe18013e48",
                "shasum": ""
            },
            "require": {
                "ext-curl": "*",
                "ext-json": "*",
                "ext-mbstring": "*",
                "php": ">=5.6"
            },
            "require-dev": {
                "friendsofphp/php-cs-fixer": "^2.16",
                "phpunit/phpunit": "^5.7 || ^6.5",
                "sebastian/version": "^1.0.6",
                "squizlabs/php_codesniffer": "~2.0"
            },
            "type": "library",
            "autoload": {
                "psr-4": {
                    "SendGrid\\": "lib/"
                }
            },
            "notification-url": "https://packagist.org/downloads/",
            "license": [
                "MIT"
            ],
            "authors": [
                {
                    "name": "Matt Bernier",
                    "email": "mbernier@twilio.com"
                },
                {
                    "name": "Elmer Thomas",
                    "email": "ethomas@twilio.com"
                }
            ],
            "description": "HTTP REST client, simplified for PHP",
            "homepage": "http://github.com/sendgrid/php-http-client",
            "keywords": [
                "api",
                "fluent",
                "http",
                "rest",
                "sendgrid"
            ],
            "time": "2020-08-19T19:09:43+00:00"
        },
        {
            "name": "sendgrid/sendgrid",
            "version": "7.8.3",
            "source": {
                "type": "git",
                "url": "https://github.com/sendgrid/sendgrid-php.git",
                "reference": "3883392ceb5066be4607c47de7fda9c5e7dbcfa4"
            },
            "dist": {
                "type": "zip",
                "url": "https://api.github.com/repos/sendgrid/sendgrid-php/zipball/3883392ceb5066be4607c47de7fda9c5e7dbcfa4",
                "reference": "3883392ceb5066be4607c47de7fda9c5e7dbcfa4",
                "shasum": ""
            },
            "require": {
                "ext-curl": "*",
                "ext-json": "*",
                "ext-mbstring": "*",
                "ext-openssl": "*",
                "php": ">=5.6",
                "sendgrid/php-http-client": "~3.10",
                "starkbank/ecdsa": "0.*"
            },
            "replace": {
                "sendgrid/sendgrid-php": "*"
            },
            "require-dev": {
                "phpunit/phpunit": "^5.7.9 || ^6.4.3",
                "squizlabs/php_codesniffer": "3.*",
                "swaggest/json-diff": "^3.4"
            },
            "type": "library",
            "autoload": {
                "psr-4": {
                    "SendGrid\\Contacts\\": "lib/contacts/",
                    "SendGrid\\EventWebhook\\": "lib/eventwebhook/",
                    "SendGrid\\Helper\\": "lib/helper/",
                    "SendGrid\\Mail\\": "lib/mail/",
                    "SendGrid\\Stats\\": "lib/stats/"
                },
                "classmap": [
                    "lib/BaseSendGridClientInterface.php",
                    "lib/SendGrid.php",
                    "lib/TwilioEmail.php"
                ]
            },
            "notification-url": "https://packagist.org/downloads/",
            "license": [
                "MIT"
            ],
            "description": "This library allows you to quickly and easily send emails through Twilio SendGrid using PHP.",
            "homepage": "http://github.com/sendgrid/sendgrid-php",
            "keywords": [
                "email",
                "grid",
                "send",
                "sendgrid",
                "twilio sendgrid"
            ],
            "time": "2020-09-02T19:58:01+00:00"
        },
        {
            "name": "starkbank/ecdsa",
            "version": "0.0.4",
            "source": {
                "type": "git",
                "url": "https://github.com/starkbank/ecdsa-php.git",
                "reference": "9369d35ed9019321adb4eb9fd3be21357d527c74"
            },
            "dist": {
                "type": "zip",
                "url": "https://api.github.com/repos/starkbank/ecdsa-php/zipball/9369d35ed9019321adb4eb9fd3be21357d527c74",
                "reference": "9369d35ed9019321adb4eb9fd3be21357d527c74",
                "shasum": ""
            },
            "require": {
                "php": ">=5.5"
            },
            "type": "library",
            "autoload": {
                "files": [
                    "src/ellipticcurve.php"
                ]
            },
            "notification-url": "https://packagist.org/downloads/",
            "license": [
                "MIT"
            ],
            "authors": [
                {
                    "name": "StarkBank",
                    "email": "developers@starkbank.com",
                    "homepage": "https://starkbank.com",
                    "role": "Developer"
                }
            ],
            "description": "fast openSSL-compatible implementation of the Elliptic Curve Digital Signature Algorithm (ECDSA)",
            "homepage": "https://github.com/starkbank/ecdsa-php",
            "time": "2020-05-15T15:46:20+00:00"
        }
    ],
    "packages-dev": [],
    "aliases": [],
    "minimum-stability": "stable",
    "stability-flags": [],
    "prefer-stable": false,
    "prefer-lowest": false,
    "platform": [],
    "platform-dev": [],
    "plugin-api-version": "1.1.0"
}
